{
  "requires": true,
  "lockfileVersion": 1,
  "dependencies": {
    "fullcalendar": {
      "version": "3.10.3",
      "resolved": "https://registry.npmjs.org/fullcalendar/-/fullcalendar-3.10.3.tgz",
      "integrity": "sha512-fZiDIIkhZ7fwTYfWYHzzCmS2zPKK8VMMG/MZzuvr7ANjajmptsxcwa9xLHZP5mKMDO8duhFkVfPATKnnQeGdgQ=="
    }
  }
}
